// !$*UTF8*$!
{
	archiveVersion = 1;
	classes = {
	};
	objectVersion = 56;
	objects = {

/* Begin PBXBuildFile section */
		246EE0072B0DBED200CA51CC /* AppDelegate.swift in Sources */ = {isa = PBXBuildFile; fileRef = 246EE0062B0DBED200CA51CC /* AppDelegate.swift */; };
		246EE0092B0DBED200CA51CC /* SceneDelegate.swift in Sources */ = {isa = PBXBuildFile; fileRef = 246EE0082B0DBED200CA51CC /* SceneDelegate.swift */; };
		246EE00B2B0DBED200CA51CC /* HomeViewController.swift in Sources */ = {isa = PBXBuildFile; fileRef = 246EE00A2B0DBED200CA51CC /* HomeViewController.swift */; };
		246EE00E2B0DBED200CA51CC /* Main.storyboard in Resources */ = {isa = PBXBuildFile; fileRef = 246EE00C2B0DBED200CA51CC /* Main.storyboard */; };
		246EE0102B0DBED300CA51CC /* Assets.xcassets in Resources */ = {isa = PBXBuildFile; fileRef = 246EE00F2B0DBED300CA51CC /* Assets.xcassets */; };
		246EE0132B0DBED400CA51CC /* LaunchScreen.storyboard in Resources */ = {isa = PBXBuildFile; fileRef = 246EE0112B0DBED400CA51CC /* LaunchScreen.storyboard */; };
		246EE01E2B0DBED400CA51CC /* MovieAppTests.swift in Sources */ = {isa = PBXBuildFile; fileRef = 246EE01D2B0DBED400CA51CC /* MovieAppTests.swift */; };
		246EE0282B0DBED400CA51CC /* MovieAppUITests.swift in Sources */ = {isa = PBXBuildFile; fileRef = 246EE0272B0DBED400CA51CC /* MovieAppUITests.swift */; };
		246EE02A2B0DBED400CA51CC /* MovieAppUITestsLaunchTests.swift in Sources */ = {isa = PBXBuildFile; fileRef = 246EE0292B0DBED400CA51CC /* MovieAppUITestsLaunchTests.swift */; };
		246EE0382B0DC42D00CA51CC /* Preview.swift in Sources */ = {isa = PBXBuildFile; fileRef = 246EE0372B0DC42C00CA51CC /* Preview.swift */; };
		246EE03A2B0DC51900CA51CC /* MainCoordinator.swift in Sources */ = {isa = PBXBuildFile; fileRef = 246EE0392B0DC51900CA51CC /* MainCoordinator.swift */; };
		246EE03C2B0DC5AD00CA51CC /* Coordinator.swift in Sources */ = {isa = PBXBuildFile; fileRef = 246EE03B2B0DC5AD00CA51CC /* Coordinator.swift */; };
		246EE0402B0DC6E700CA51CC /* UniversalUnits.swift in Sources */ = {isa = PBXBuildFile; fileRef = 246EE03F2B0DC6E700CA51CC /* UniversalUnits.swift */; };
		246EE0422B0DC71700CA51CC /* Extensions.swift in Sources */ = {isa = PBXBuildFile; fileRef = 246EE0412B0DC71700CA51CC /* Extensions.swift */; };
		246EE0442B0DC98C00CA51CC /* HomeViewControllerTableView.swift in Sources */ = {isa = PBXBuildFile; fileRef = 246EE0432B0DC98C00CA51CC /* HomeViewControllerTableView.swift */; };
		246EE0462B0DCA5000CA51CC /* HomeViewControllerLayout.swift in Sources */ = {isa = PBXBuildFile; fileRef = 246EE0452B0DCA5000CA51CC /* HomeViewControllerLayout.swift */; };
		246EE0492B0DCE3600CA51CC /* Movie.swift in Sources */ = {isa = PBXBuildFile; fileRef = 246EE0482B0DCE3600CA51CC /* Movie.swift */; };
		246EE04B2B0DD32C00CA51CC /* DataManager.swift in Sources */ = {isa = PBXBuildFile; fileRef = 246EE04A2B0DD32C00CA51CC /* DataManager.swift */; };
		246EE04D2B0ECEB700CA51CC /* MovieCell.swift in Sources */ = {isa = PBXBuildFile; fileRef = 246EE04C2B0ECEB700CA51CC /* MovieCell.swift */; };
		246EE0502B0F1FCE00CA51CC /* MovieViewModel.swift in Sources */ = {isa = PBXBuildFile; fileRef = 246EE04F2B0F1FCD00CA51CC /* MovieViewModel.swift */; };
		246EE0522B0F6AC100CA51CC /* CleanData.swift in Sources */ = {isa = PBXBuildFile; fileRef = 246EE0512B0F6AC100CA51CC /* CleanData.swift */; };
		246EE0542B1033A600CA51CC /* Genre.swift in Sources */ = {isa = PBXBuildFile; fileRef = 246EE0532B1033A500CA51CC /* Genre.swift */; };
		246EE0572B140D7500CA51CC /* TagViewCell.swift in Sources */ = {isa = PBXBuildFile; fileRef = 246EE0562B140D7500CA51CC /* TagViewCell.swift */; };
		246EE0592B140E7E00CA51CC /* HorizontalScrollView.swift in Sources */ = {isa = PBXBuildFile; fileRef = 246EE0582B140E7E00CA51CC /* HorizontalScrollView.swift */; };
		246EE05C2B1561DE00CA51CC /* DetailViewController.swift in Sources */ = {isa = PBXBuildFile; fileRef = 246EE05B2B1561DD00CA51CC /* DetailViewController.swift */; };
		246EE05E2B15694D00CA51CC /* DetailViewControllerLayout.swift in Sources */ = {isa = PBXBuildFile; fileRef = 246EE05D2B15694D00CA51CC /* DetailViewControllerLayout.swift */; };
		246EE0612B15B94200CA51CC /* FavouriteViewController.swift in Sources */ = {isa = PBXBuildFile; fileRef = 246EE0602B15B94200CA51CC /* FavouriteViewController.swift */; };
		246EE0632B15B95200CA51CC /* FavouriteViewLayout.swift in Sources */ = {isa = PBXBuildFile; fileRef = 246EE0622B15B95200CA51CC /* FavouriteViewLayout.swift */; };
		246EE0652B15D46C00CA51CC /* RateModalViewController.swift in Sources */ = {isa = PBXBuildFile; fileRef = 246EE0642B15D46C00CA51CC /* RateModalViewController.swift */; };
		246EE0672B15D4FA00CA51CC /* InteractiveModalPresentationController.swift in Sources */ = {isa = PBXBuildFile; fileRef = 246EE0662B15D4FA00CA51CC /* InteractiveModalPresentationController.swift */; };
		246EE0692B16046000CA51CC /* RatedViewController.swift in Sources */ = {isa = PBXBuildFile; fileRef = 246EE0682B16046000CA51CC /* RatedViewController.swift */; };
		246EE06B2B16441300CA51CC /* FavouriteViewCollectionView.swift in Sources */ = {isa = PBXBuildFile; fileRef = 246EE06A2B16441300CA51CC /* FavouriteViewCollectionView.swift */; };
		246EE06D2B16492D00CA51CC /* CollectionCell.swift in Sources */ = {isa = PBXBuildFile; fileRef = 246EE06C2B16492D00CA51CC /* CollectionCell.swift */; };
/* End PBXBuildFile section */

/* Begin PBXContainerItemProxy section */
		246EE01A2B0DBED400CA51CC /* PBXContainerItemProxy */ = {
			isa = PBXContainerItemProxy;
			containerPortal = 246EDFFB2B0DBED200CA51CC /* Project object */;
			proxyType = 1;
			remoteGlobalIDString = 246EE0022B0DBED200CA51CC;
			remoteInfo = MovieApp;
		};
		246EE0242B0DBED400CA51CC /* PBXContainerItemProxy */ = {
			isa = PBXContainerItemProxy;
			containerPortal = 246EDFFB2B0DBED200CA51CC /* Project object */;
			proxyType = 1;
			remoteGlobalIDString = 246EE0022B0DBED200CA51CC;
			remoteInfo = MovieApp;
		};
/* End PBXContainerItemProxy section */

/* Begin PBXFileReference section */
		246EE0032B0DBED200CA51CC /* MovieApp.app */ = {isa = PBXFileReference; explicitFileType = wrapper.application; includeInIndex = 0; path = MovieApp.app; sourceTree = BUILT_PRODUCTS_DIR; };
		246EE0062B0DBED200CA51CC /* AppDelegate.swift */ = {isa = PBXFileReference; lastKnownFileType = sourcecode.swift; path = AppDelegate.swift; sourceTree = "<group>"; };
		246EE0082B0DBED200CA51CC /* SceneDelegate.swift */ = {isa = PBXFileReference; lastKnownFileType = sourcecode.swift; path = SceneDelegate.swift; sourceTree = "<group>"; };
		246EE00A2B0DBED200CA51CC /* HomeViewController.swift */ = {isa = PBXFileReference; lastKnownFileType = sourcecode.swift; path = HomeViewController.swift; sourceTree = "<group>"; };
		246EE00D2B0DBED200CA51CC /* Base */ = {isa = PBXFileReference; lastKnownFileType = file.storyboard; name = Base; path = Base.lproj/Main.storyboard; sourceTree = "<group>"; };
		246EE00F2B0DBED300CA51CC /* Assets.xcassets */ = {isa = PBXFileReference; lastKnownFileType = folder.assetcatalog; path = Assets.xcassets; sourceTree = "<group>"; };
		246EE0122B0DBED400CA51CC /* Base */ = {isa = PBXFileReference; lastKnownFileType = file.storyboard; name = Base; path = Base.lproj/LaunchScreen.storyboard; sourceTree = "<group>"; };
		246EE0142B0DBED400CA51CC /* Info.plist */ = {isa = PBXFileReference; lastKnownFileType = text.plist.xml; path = Info.plist; sourceTree = "<group>"; };
		246EE0192B0DBED400CA51CC /* MovieAppTests.xctest */ = {isa = PBXFileReference; explicitFileType = wrapper.cfbundle; includeInIndex = 0; path = MovieAppTests.xctest; sourceTree = BUILT_PRODUCTS_DIR; };
		246EE01D2B0DBED400CA51CC /* MovieAppTests.swift */ = {isa = PBXFileReference; lastKnownFileType = sourcecode.swift; path = MovieAppTests.swift; sourceTree = "<group>"; };
		246EE0232B0DBED400CA51CC /* MovieAppUITests.xctest */ = {isa = PBXFileReference; explicitFileType = wrapper.cfbundle; includeInIndex = 0; path = MovieAppUITests.xctest; sourceTree = BUILT_PRODUCTS_DIR; };
		246EE0272B0DBED400CA51CC /* MovieAppUITests.swift */ = {isa = PBXFileReference; lastKnownFileType = sourcecode.swift; path = MovieAppUITests.swift; sourceTree = "<group>"; };
		246EE0292B0DBED400CA51CC /* MovieAppUITestsLaunchTests.swift */ = {isa = PBXFileReference; lastKnownFileType = sourcecode.swift; path = MovieAppUITestsLaunchTests.swift; sourceTree = "<group>"; };
		246EE0372B0DC42C00CA51CC /* Preview.swift */ = {isa = PBXFileReference; fileEncoding = 4; lastKnownFileType = sourcecode.swift; path = Preview.swift; sourceTree = "<group>"; };
		246EE0392B0DC51900CA51CC /* MainCoordinator.swift */ = {isa = PBXFileReference; lastKnownFileType = sourcecode.swift; path = MainCoordinator.swift; sourceTree = "<group>"; };
		246EE03B2B0DC5AD00CA51CC /* Coordinator.swift */ = {isa = PBXFileReference; fileEncoding = 4; lastKnownFileType = sourcecode.swift; path = Coordinator.swift; sourceTree = "<group>"; };
		246EE03F2B0DC6E700CA51CC /* UniversalUnits.swift */ = {isa = PBXFileReference; lastKnownFileType = sourcecode.swift; path = UniversalUnits.swift; sourceTree = "<group>"; };
		246EE0412B0DC71700CA51CC /* Extensions.swift */ = {isa = PBXFileReference; lastKnownFileType = sourcecode.swift; path = Extensions.swift; sourceTree = "<group>"; };
		246EE0432B0DC98C00CA51CC /* HomeViewControllerTableView.swift */ = {isa = PBXFileReference; lastKnownFileType = sourcecode.swift; path = HomeViewControllerTableView.swift; sourceTree = "<group>"; };
		246EE0452B0DCA5000CA51CC /* HomeViewControllerLayout.swift */ = {isa = PBXFileReference; lastKnownFileType = sourcecode.swift; path = HomeViewControllerLayout.swift; sourceTree = "<group>"; };
		246EE0482B0DCE3600CA51CC /* Movie.swift */ = {isa = PBXFileReference; lastKnownFileType = sourcecode.swift; path = Movie.swift; sourceTree = "<group>"; };
		246EE04A2B0DD32C00CA51CC /* DataManager.swift */ = {isa = PBXFileReference; lastKnownFileType = sourcecode.swift; path = DataManager.swift; sourceTree = "<group>"; };
		246EE04C2B0ECEB700CA51CC /* MovieCell.swift */ = {isa = PBXFileReference; lastKnownFileType = sourcecode.swift; path = MovieCell.swift; sourceTree = "<group>"; };
		246EE04F2B0F1FCD00CA51CC /* MovieViewModel.swift */ = {isa = PBXFileReference; lastKnownFileType = sourcecode.swift; path = MovieViewModel.swift; sourceTree = "<group>"; };
		246EE0512B0F6AC100CA51CC /* CleanData.swift */ = {isa = PBXFileReference; lastKnownFileType = sourcecode.swift; path = CleanData.swift; sourceTree = "<group>"; };
		246EE0532B1033A500CA51CC /* Genre.swift */ = {isa = PBXFileReference; lastKnownFileType = sourcecode.swift; path = Genre.swift; sourceTree = "<group>"; };
		246EE0562B140D7500CA51CC /* TagViewCell.swift */ = {isa = PBXFileReference; lastKnownFileType = sourcecode.swift; path = TagViewCell.swift; sourceTree = "<group>"; };
		246EE0582B140E7E00CA51CC /* HorizontalScrollView.swift */ = {isa = PBXFileReference; lastKnownFileType = sourcecode.swift; path = HorizontalScrollView.swift; sourceTree = "<group>"; };
		246EE05B2B1561DD00CA51CC /* DetailViewController.swift */ = {isa = PBXFileReference; lastKnownFileType = sourcecode.swift; path = DetailViewController.swift; sourceTree = "<group>"; };
		246EE05D2B15694D00CA51CC /* DetailViewControllerLayout.swift */ = {isa = PBXFileReference; lastKnownFileType = sourcecode.swift; path = DetailViewControllerLayout.swift; sourceTree = "<group>"; };
		246EE0602B15B94200CA51CC /* FavouriteViewController.swift */ = {isa = PBXFileReference; lastKnownFileType = sourcecode.swift; path = FavouriteViewController.swift; sourceTree = "<group>"; };
		246EE0622B15B95200CA51CC /* FavouriteViewLayout.swift */ = {isa = PBXFileReference; lastKnownFileType = sourcecode.swift; path = FavouriteViewLayout.swift; sourceTree = "<group>"; };
		246EE0642B15D46C00CA51CC /* RateModalViewController.swift */ = {isa = PBXFileReference; lastKnownFileType = sourcecode.swift; path = RateModalViewController.swift; sourceTree = "<group>"; };
		246EE0662B15D4FA00CA51CC /* InteractiveModalPresentationController.swift */ = {isa = PBXFileReference; lastKnownFileType = sourcecode.swift; path = InteractiveModalPresentationController.swift; sourceTree = "<group>"; };
		246EE0682B16046000CA51CC /* RatedViewController.swift */ = {isa = PBXFileReference; lastKnownFileType = sourcecode.swift; path = RatedViewController.swift; sourceTree = "<group>"; };
		246EE06A2B16441300CA51CC /* FavouriteViewCollectionView.swift */ = {isa = PBXFileReference; lastKnownFileType = sourcecode.swift; path = FavouriteViewCollectionView.swift; sourceTree = "<group>"; };
		246EE06C2B16492D00CA51CC /* CollectionCell.swift */ = {isa = PBXFileReference; lastKnownFileType = sourcecode.swift; path = CollectionCell.swift; sourceTree = "<group>"; };
/* End PBXFileReference section */

/* Begin PBXFrameworksBuildPhase section */
		246EE0002B0DBED200CA51CC /* Frameworks */ = {
			isa = PBXFrameworksBuildPhase;
			buildActionMask = 2147483647;
			files = (
			);
			runOnlyForDeploymentPostprocessing = 0;
		};
		246EE0162B0DBED400CA51CC /* Frameworks */ = {
			isa = PBXFrameworksBuildPhase;
			buildActionMask = 2147483647;
			files = (
			);
			runOnlyForDeploymentPostprocessing = 0;
		};
		246EE0202B0DBED400CA51CC /* Frameworks */ = {
			isa = PBXFrameworksBuildPhase;
			buildActionMask = 2147483647;
			files = (
			);
			runOnlyForDeploymentPostprocessing = 0;
		};
/* End PBXFrameworksBuildPhase section */

/* Begin PBXGroup section */
		246EDFFA2B0DBED200CA51CC = {
			isa = PBXGroup;
			children = (
				246EE0052B0DBED200CA51CC /* MovieApp */,
				246EE01C2B0DBED400CA51CC /* MovieAppTests */,
				246EE0262B0DBED400CA51CC /* MovieAppUITests */,
				246EE0042B0DBED200CA51CC /* Products */,
			);
			sourceTree = "<group>";
		};
		246EE0042B0DBED200CA51CC /* Products */ = {
			isa = PBXGroup;
			children = (
				246EE0032B0DBED200CA51CC /* MovieApp.app */,
				246EE0192B0DBED400CA51CC /* MovieAppTests.xctest */,
				246EE0232B0DBED400CA51CC /* MovieAppUITests.xctest */,
			);
			name = Products;
			sourceTree = "<group>";
		};
		246EE0052B0DBED200CA51CC /* MovieApp */ = {
			isa = PBXGroup;
			children = (
				246EE05F2B15B92400CA51CC /* FavouriteView */,
				246EE05A2B1561C300CA51CC /* DetailView */,
				246EE04E2B0F1FA700CA51CC /* ViewModel */,
				246EE0472B0DCDFC00CA51CC /* Model */,
				246EE0362B0DC34B00CA51CC /* HomeView */,
				246EE0062B0DBED200CA51CC /* AppDelegate.swift */,
				246EE0082B0DBED200CA51CC /* SceneDelegate.swift */,
				246EE0372B0DC42C00CA51CC /* Preview.swift */,
				246EE00C2B0DBED200CA51CC /* Main.storyboard */,
				246EE00F2B0DBED300CA51CC /* Assets.xcassets */,
				246EE0112B0DBED400CA51CC /* LaunchScreen.storyboard */,
				246EE0142B0DBED400CA51CC /* Info.plist */,
				246EE0392B0DC51900CA51CC /* MainCoordinator.swift */,
				246EE03B2B0DC5AD00CA51CC /* Coordinator.swift */,
				246EE03F2B0DC6E700CA51CC /* UniversalUnits.swift */,
				246EE0412B0DC71700CA51CC /* Extensions.swift */,
				246EE04A2B0DD32C00CA51CC /* DataManager.swift */,
				246EE0512B0F6AC100CA51CC /* CleanData.swift */,
			);
			path = MovieApp;
			sourceTree = "<group>";
		};
		246EE01C2B0DBED400CA51CC /* MovieAppTests */ = {
			isa = PBXGroup;
			children = (
				246EE01D2B0DBED400CA51CC /* MovieAppTests.swift */,
			);
			path = MovieAppTests;
			sourceTree = "<group>";
		};
		246EE0262B0DBED400CA51CC /* MovieAppUITests */ = {
			isa = PBXGroup;
			children = (
				246EE0272B0DBED400CA51CC /* MovieAppUITests.swift */,
				246EE0292B0DBED400CA51CC /* MovieAppUITestsLaunchTests.swift */,
			);
			path = MovieAppUITests;
			sourceTree = "<group>";
		};
		246EE0362B0DC34B00CA51CC /* HomeView */ = {
			isa = PBXGroup;
			children = (
				246EE0552B140D4700CA51CC /* TableCell */,
				246EE00A2B0DBED200CA51CC /* HomeViewController.swift */,
				246EE0432B0DC98C00CA51CC /* HomeViewControllerTableView.swift */,
				246EE0452B0DCA5000CA51CC /* HomeViewControllerLayout.swift */,
			);
			path = HomeView;
			sourceTree = "<group>";
		};
		246EE0472B0DCDFC00CA51CC /* Model */ = {
			isa = PBXGroup;
			children = (
				246EE0482B0DCE3600CA51CC /* Movie.swift */,
				246EE0532B1033A500CA51CC /* Genre.swift */,
			);
			path = Model;
			sourceTree = "<group>";
		};
		246EE04E2B0F1FA700CA51CC /* ViewModel */ = {
			isa = PBXGroup;
			children = (
				246EE04F2B0F1FCD00CA51CC /* MovieViewModel.swift */,
			);
			path = ViewModel;
			sourceTree = "<group>";
		};
		246EE0552B140D4700CA51CC /* TableCell */ = {
			isa = PBXGroup;
			children = (
				246EE04C2B0ECEB700CA51CC /* MovieCell.swift */,
				246EE0562B140D7500CA51CC /* TagViewCell.swift */,
				246EE0582B140E7E00CA51CC /* HorizontalScrollView.swift */,
			);
			path = TableCell;
			sourceTree = "<group>";
		};
		246EE05A2B1561C300CA51CC /* DetailView */ = {
			isa = PBXGroup;
			children = (
				246EE05B2B1561DD00CA51CC /* DetailViewController.swift */,
				246EE05D2B15694D00CA51CC /* DetailViewControllerLayout.swift */,
				246EE0642B15D46C00CA51CC /* RateModalViewController.swift */,
				246EE0662B15D4FA00CA51CC /* InteractiveModalPresentationController.swift */,
				246EE0682B16046000CA51CC /* RatedViewController.swift */,
			);
			path = DetailView;
			sourceTree = "<group>";
		};
		246EE05F2B15B92400CA51CC /* FavouriteView */ = {
			isa = PBXGroup;
			children = (
				246EE0602B15B94200CA51CC /* FavouriteViewController.swift */,
				246EE0622B15B95200CA51CC /* FavouriteViewLayout.swift */,
				246EE06A2B16441300CA51CC /* FavouriteViewCollectionView.swift */,
				246EE06C2B16492D00CA51CC /* CollectionCell.swift */,
			);
			path = FavouriteView;
			sourceTree = "<group>";
		};
/* End PBXGroup section */

/* Begin PBXNativeTarget section */
		246EE0022B0DBED200CA51CC /* MovieApp */ = {
			isa = PBXNativeTarget;
			buildConfigurationList = 246EE02D2B0DBED400CA51CC /* Build configuration list for PBXNativeTarget "MovieApp" */;
			buildPhases = (
				246EDFFF2B0DBED200CA51CC /* Sources */,
				246EE0002B0DBED200CA51CC /* Frameworks */,
				246EE0012B0DBED200CA51CC /* Resources */,
			);
			buildRules = (
			);
			dependencies = (
			);
			name = MovieApp;
			productName = MovieApp;
			productReference = 246EE0032B0DBED200CA51CC /* MovieApp.app */;
			productType = "com.apple.product-type.application";
		};
		246EE0182B0DBED400CA51CC /* MovieAppTests */ = {
			isa = PBXNativeTarget;
			buildConfigurationList = 246EE0302B0DBED400CA51CC /* Build configuration list for PBXNativeTarget "MovieAppTests" */;
			buildPhases = (
				246EE0152B0DBED400CA51CC /* Sources */,
				246EE0162B0DBED400CA51CC /* Frameworks */,
				246EE0172B0DBED400CA51CC /* Resources */,
			);
			buildRules = (
			);
			dependencies = (
				246EE01B2B0DBED400CA51CC /* PBXTargetDependency */,
			);
			name = MovieAppTests;
			productName = MovieAppTests;
			productReference = 246EE0192B0DBED400CA51CC /* MovieAppTests.xctest */;
			productType = "com.apple.product-type.bundle.unit-test";
		};
		246EE0222B0DBED400CA51CC /* MovieAppUITests */ = {
			isa = PBXNativeTarget;
			buildConfigurationList = 246EE0332B0DBED400CA51CC /* Build configuration list for PBXNativeTarget "MovieAppUITests" */;
			buildPhases = (
				246EE01F2B0DBED400CA51CC /* Sources */,
				246EE0202B0DBED400CA51CC /* Frameworks */,
				246EE0212B0DBED400CA51CC /* Resources */,
			);
			buildRules = (
			);
			dependencies = (
				246EE0252B0DBED400CA51CC /* PBXTargetDependency */,
			);
			name = MovieAppUITests;
			productName = MovieAppUITests;
			productReference = 246EE0232B0DBED400CA51CC /* MovieAppUITests.xctest */;
			productType = "com.apple.product-type.bundle.ui-testing";
		};
/* End PBXNativeTarget section */

/* Begin PBXProject section */
		246EDFFB2B0DBED200CA51CC /* Project object */ = {
			isa = PBXProject;
			attributes = {
				BuildIndependentTargetsInParallel = 1;
				LastSwiftUpdateCheck = 1500;
				LastUpgradeCheck = 1500;
				TargetAttributes = {
					246EE0022B0DBED200CA51CC = {
						CreatedOnToolsVersion = 15.0.1;
					};
					246EE0182B0DBED400CA51CC = {
						CreatedOnToolsVersion = 15.0.1;
						TestTargetID = 246EE0022B0DBED200CA51CC;
					};
					246EE0222B0DBED400CA51CC = {
						CreatedOnToolsVersion = 15.0.1;
						TestTargetID = 246EE0022B0DBED200CA51CC;
					};
				};
			};
			buildConfigurationList = 246EDFFE2B0DBED200CA51CC /* Build configuration list for PBXProject "MovieApp" */;
			compatibilityVersion = "Xcode 14.0";
			developmentRegion = en;
			hasScannedForEncodings = 0;
			knownRegions = (
				en,
				Base,
			);
			mainGroup = 246EDFFA2B0DBED200CA51CC;
			productRefGroup = 246EE0042B0DBED200CA51CC /* Products */;
			projectDirPath = "";
			projectRoot = "";
			targets = (
				246EE0022B0DBED200CA51CC /* MovieApp */,
				246EE0182B0DBED400CA51CC /* MovieAppTests */,
				246EE0222B0DBED400CA51CC /* MovieAppUITests */,
			);
		};
/* End PBXProject section */

/* Begin PBXResourcesBuildPhase section */
		246EE0012B0DBED200CA51CC /* Resources */ = {
			isa = PBXResourcesBuildPhase;
			buildActionMask = 2147483647;
			files = (
				246EE0132B0DBED400CA51CC /* LaunchScreen.storyboard in Resources */,
				246EE0102B0DBED300CA51CC /* Assets.xcassets in Resources */,
				246EE00E2B0DBED200CA51CC /* Main.storyboard in Resources */,
			);
			runOnlyForDeploymentPostprocessing = 0;
		};
		246EE0172B0DBED400CA51CC /* Resources */ = {
			isa = PBXResourcesBuildPhase;
			buildActionMask = 2147483647;
			files = (
			);
			runOnlyForDeploymentPostprocessing = 0;
		};
		246EE0212B0DBED400CA51CC /* Resources */ = {
			isa = PBXResourcesBuildPhase;
			buildActionMask = 2147483647;
			files = (
			);
			runOnlyForDeploymentPostprocessing = 0;
		};
/* End PBXResourcesBuildPhase section */

/* Begin PBXSourcesBuildPhase section */
		246EDFFF2B0DBED200CA51CC /* Sources */ = {
			isa = PBXSourcesBuildPhase;
			buildActionMask = 2147483647;
			files = (
				246EE0572B140D7500CA51CC /* TagViewCell.swift in Sources */,
				246EE04D2B0ECEB700CA51CC /* MovieCell.swift in Sources */,
				246EE06D2B16492D00CA51CC /* CollectionCell.swift in Sources */,
				246EE0402B0DC6E700CA51CC /* UniversalUnits.swift in Sources */,
				246EE04B2B0DD32C00CA51CC /* DataManager.swift in Sources */,
				246EE0652B15D46C00CA51CC /* RateModalViewController.swift in Sources */,
				246EE0612B15B94200CA51CC /* FavouriteViewController.swift in Sources */,
				246EE00B2B0DBED200CA51CC /* HomeViewController.swift in Sources */,
				246EE0442B0DC98C00CA51CC /* HomeViewControllerTableView.swift in Sources */,
				246EE0672B15D4FA00CA51CC /* InteractiveModalPresentationController.swift in Sources */,
				246EE05E2B15694D00CA51CC /* DetailViewControllerLayout.swift in Sources */,
				246EE0632B15B95200CA51CC /* FavouriteViewLayout.swift in Sources */,
				246EE0502B0F1FCE00CA51CC /* MovieViewModel.swift in Sources */,
				246EE0072B0DBED200CA51CC /* AppDelegate.swift in Sources */,
				246EE0542B1033A600CA51CC /* Genre.swift in Sources */,
				246EE0522B0F6AC100CA51CC /* CleanData.swift in Sources */,
				246EE06B2B16441300CA51CC /* FavouriteViewCollectionView.swift in Sources */,
				246EE05C2B1561DE00CA51CC /* DetailViewController.swift in Sources */,
				246EE0422B0DC71700CA51CC /* Extensions.swift in Sources */,
				246EE0692B16046000CA51CC /* RatedViewController.swift in Sources */,
				246EE03C2B0DC5AD00CA51CC /* Coordinator.swift in Sources */,
				246EE0382B0DC42D00CA51CC /* Preview.swift in Sources */,
				246EE0462B0DCA5000CA51CC /* HomeViewControllerLayout.swift in Sources */,
				246EE03A2B0DC51900CA51CC /* MainCoordinator.swift in Sources */,
				246EE0492B0DCE3600CA51CC /* Movie.swift in Sources */,
				246EE0092B0DBED200CA51CC /* SceneDelegate.swift in Sources */,
				246EE0592B140E7E00CA51CC /* HorizontalScrollView.swift in Sources */,
			);
			runOnlyForDeploymentPostprocessing = 0;
		};
		246EE0152B0DBED400CA51CC /* Sources */ = {
			isa = PBXSourcesBuildPhase;
			buildActionMask = 2147483647;
			files = (
				246EE01E2B0DBED400CA51CC /* MovieAppTests.swift in Sources */,
			);
			runOnlyForDeploymentPostprocessing = 0;
		};
		246EE01F2B0DBED400CA51CC /* Sources */ = {
			isa = PBXSourcesBuildPhase;
			buildActionMask = 2147483647;
			files = (
				246EE02A2B0DBED400CA51CC /* MovieAppUITestsLaunchTests.swift in Sources */,
				246EE0282B0DBED400CA51CC /* MovieAppUITests.swift in Sources */,
			);
			runOnlyForDeploymentPostprocessing = 0;
		};
/* End PBXSourcesBuildPhase section */

/* Begin PBXTargetDependency section */
		246EE01B2B0DBED400CA51CC /* PBXTargetDependency */ = {
			isa = PBXTargetDependency;
			target = 246EE0022B0DBED200CA51CC /* MovieApp */;
			targetProxy = 246EE01A2B0DBED400CA51CC /* PBXContainerItemProxy */;
		};
		246EE0252B0DBED400CA51CC /* PBXTargetDependency */ = {
			isa = PBXTargetDependency;
			target = 246EE0022B0DBED200CA51CC /* MovieApp */;
			targetProxy = 246EE0242B0DBED400CA51CC /* PBXContainerItemProxy */;
		};
/* End PBXTargetDependency section */

/* Begin PBXVariantGroup section */
		246EE00C2B0DBED200CA51CC /* Main.storyboard */ = {
			isa = PBXVariantGroup;
			children = (
				246EE00D2B0DBED200CA51CC /* Base */,
			);
			name = Main.storyboard;
			sourceTree = "<group>";
		};
		246EE0112B0DBED400CA51CC /* LaunchScreen.storyboard */ = {
			isa = PBXVariantGroup;
			children = (
				246EE0122B0DBED400CA51CC /* Base */,
			);
			name = LaunchScreen.storyboard;
			sourceTree = "<group>";
		};
/* End PBXVariantGroup section */

/* Begin XCBuildConfiguration section */
		246EE02B2B0DBED400CA51CC /* Debug */ = {
			isa = XCBuildConfiguration;
			buildSettings = {
				ALWAYS_SEARCH_USER_PATHS = NO;
				ASSETCATALOG_COMPILER_GENERATE_SWIFT_ASSET_SYMBOL_EXTENSIONS = YES;
				CLANG_ANALYZER_NONNULL = YES;
				CLANG_ANALYZER_NUMBER_OBJECT_CONVERSION = YES_AGGRESSIVE;
				CLANG_CXX_LANGUAGE_STANDARD = "gnu++20";
				CLANG_ENABLE_MODULES = YES;
				CLANG_ENABLE_OBJC_ARC = YES;
				CLANG_ENABLE_OBJC_WEAK = YES;
				CLANG_WARN_BLOCK_CAPTURE_AUTORELEASING = YES;
				CLANG_WARN_BOOL_CONVERSION = YES;
				CLANG_WARN_COMMA = YES;
				CLANG_WARN_CONSTANT_CONVERSION = YES;
				CLANG_WARN_DEPRECATED_OBJC_IMPLEMENTATIONS = YES;
				CLANG_WARN_DIRECT_OBJC_ISA_USAGE = YES_ERROR;
				CLANG_WARN_DOCUMENTATION_COMMENTS = YES;
				CLANG_WARN_EMPTY_BODY = YES;
				CLANG_WARN_ENUM_CONVERSION = YES;
				CLANG_WARN_INFINITE_RECURSION = YES;
				CLANG_WARN_INT_CONVERSION = YES;
				CLANG_WARN_NON_LITERAL_NULL_CONVERSION = YES;
				CLANG_WARN_OBJC_IMPLICIT_RETAIN_SELF = YES;
				CLANG_WARN_OBJC_LITERAL_CONVERSION = YES;
				CLANG_WARN_OBJC_ROOT_CLASS = YES_ERROR;
				CLANG_WARN_QUOTED_INCLUDE_IN_FRAMEWORK_HEADER = YES;
				CLANG_WARN_RANGE_LOOP_ANALYSIS = YES;
				CLANG_WARN_STRICT_PROTOTYPES = YES;
				CLANG_WARN_SUSPICIOUS_MOVE = YES;
				CLANG_WARN_UNGUARDED_AVAILABILITY = YES_AGGRESSIVE;
				CLANG_WARN_UNREACHABLE_CODE = YES;
				CLANG_WARN__DUPLICATE_METHOD_MATCH = YES;
				COPY_PHASE_STRIP = NO;
				DEBUG_INFORMATION_FORMAT = dwarf;
				ENABLE_STRICT_OBJC_MSGSEND = YES;
				ENABLE_TESTABILITY = YES;
				ENABLE_USER_SCRIPT_SANDBOXING = YES;
				GCC_C_LANGUAGE_STANDARD = gnu17;
				GCC_DYNAMIC_NO_PIC = NO;
				GCC_NO_COMMON_BLOCKS = YES;
				GCC_OPTIMIZATION_LEVEL = 0;
				GCC_PREPROCESSOR_DEFINITIONS = (
					"DEBUG=1",
					"$(inherited)",
				);
				GCC_WARN_64_TO_32_BIT_CONVERSION = YES;
				GCC_WARN_ABOUT_RETURN_TYPE = YES_ERROR;
				GCC_WARN_UNDECLARED_SELECTOR = YES;
				GCC_WARN_UNINITIALIZED_AUTOS = YES_AGGRESSIVE;
				GCC_WARN_UNUSED_FUNCTION = YES;
				GCC_WARN_UNUSED_VARIABLE = YES;
				IPHONEOS_DEPLOYMENT_TARGET = 17.0;
				LOCALIZATION_PREFERS_STRING_CATALOGS = YES;
				MTL_ENABLE_DEBUG_INFO = INCLUDE_SOURCE;
				MTL_FAST_MATH = YES;
				ONLY_ACTIVE_ARCH = YES;
				SDKROOT = iphoneos;
				SWIFT_ACTIVE_COMPILATION_CONDITIONS = "DEBUG $(inherited)";
				SWIFT_OPTIMIZATION_LEVEL = "-Onone";
			};
			name = Debug;
		};
		246EE02C2B0DBED400CA51CC /* Release */ = {
			isa = XCBuildConfiguration;
			buildSettings = {
				ALWAYS_SEARCH_USER_PATHS = NO;
				ASSETCATALOG_COMPILER_GENERATE_SWIFT_ASSET_SYMBOL_EXTENSIONS = YES;
				CLANG_ANALYZER_NONNULL = YES;
				CLANG_ANALYZER_NUMBER_OBJECT_CONVERSION = YES_AGGRESSIVE;
				CLANG_CXX_LANGUAGE_STANDARD = "gnu++20";
				CLANG_ENABLE_MODULES = YES;
				CLANG_ENABLE_OBJC_ARC = YES;
				CLANG_ENABLE_OBJC_WEAK = YES;
				CLANG_WARN_BLOCK_CAPTURE_AUTORELEASING = YES;
				CLANG_WARN_BOOL_CONVERSION = YES;
				CLANG_WARN_COMMA = YES;
				CLANG_WARN_CONSTANT_CONVERSION = YES;
				CLANG_WARN_DEPRECATED_OBJC_IMPLEMENTATIONS = YES;
				CLANG_WARN_DIRECT_OBJC_ISA_USAGE = YES_ERROR;
				CLANG_WARN_DOCUMENTATION_COMMENTS = YES;
				CLANG_WARN_EMPTY_BODY = YES;
				CLANG_WARN_ENUM_CONVERSION = YES;
				CLANG_WARN_INFINITE_RECURSION = YES;
				CLANG_WARN_INT_CONVERSION = YES;
				CLANG_WARN_NON_LITERAL_NULL_CONVERSION = YES;
				CLANG_WARN_OBJC_IMPLICIT_RETAIN_SELF = YES;
				CLANG_WARN_OBJC_LITERAL_CONVERSION = YES;
				CLANG_WARN_OBJC_ROOT_CLASS = YES_ERROR;
				CLANG_WARN_QUOTED_INCLUDE_IN_FRAMEWORK_HEADER = YES;
				CLANG_WARN_RANGE_LOOP_ANALYSIS = YES;
				CLANG_WARN_STRICT_PROTOTYPES = YES;
				CLANG_WARN_SUSPICIOUS_MOVE = YES;
				CLANG_WARN_UNGUARDED_AVAILABILITY = YES_AGGRESSIVE;
				CLANG_WARN_UNREACHABLE_CODE = YES;
				CLANG_WARN__DUPLICATE_METHOD_MATCH = YES;
				COPY_PHASE_STRIP = NO;
				DEBUG_INFORMATION_FORMAT = "dwarf-with-dsym";
				ENABLE_NS_ASSERTIONS = NO;
				ENABLE_STRICT_OBJC_MSGSEND = YES;
				ENABLE_USER_SCRIPT_SANDBOXING = YES;
				GCC_C_LANGUAGE_STANDARD = gnu17;
				GCC_NO_COMMON_BLOCKS = YES;
				GCC_WARN_64_TO_32_BIT_CONVERSION = YES;
				GCC_WARN_ABOUT_RETURN_TYPE = YES_ERROR;
				GCC_WARN_UNDECLARED_SELECTOR = YES;
				GCC_WARN_UNINITIALIZED_AUTOS = YES_AGGRESSIVE;
				GCC_WARN_UNUSED_FUNCTION = YES;
				GCC_WARN_UNUSED_VARIABLE = YES;
				IPHONEOS_DEPLOYMENT_TARGET = 17.0;
				LOCALIZATION_PREFERS_STRING_CATALOGS = YES;
				MTL_ENABLE_DEBUG_INFO = NO;
				MTL_FAST_MATH = YES;
				SDKROOT = iphoneos;
				SWIFT_COMPILATION_MODE = wholemodule;
				VALIDATE_PRODUCT = YES;
			};
			name = Release;
		};
		246EE02E2B0DBED400CA51CC /* Debug */ = {
			isa = XCBuildConfiguration;
			buildSettings = {
				ASSETCATALOG_COMPILER_APPICON_NAME = AppIcon;
				ASSETCATALOG_COMPILER_GLOBAL_ACCENT_COLOR_NAME = AccentColor;
				CODE_SIGN_STYLE = Automatic;
				CURRENT_PROJECT_VERSION = 1;
				DEVELOPMENT_TEAM = 4BY63Y2JNP;
				GENERATE_INFOPLIST_FILE = YES;
				INFOPLIST_FILE = MovieApp/Info.plist;
				INFOPLIST_KEY_UIApplicationSupportsIndirectInputEvents = YES;
				INFOPLIST_KEY_UILaunchStoryboardName = LaunchScreen;
				INFOPLIST_KEY_UIMainStoryboardFile = Main;
				INFOPLIST_KEY_UISupportedInterfaceOrientations_iPad = "UIInterfaceOrientationPortrait UIInterfaceOrientationPortraitUpsideDown UIInterfaceOrientationLandscapeLeft UIInterfaceOrientationLandscapeRight";
				INFOPLIST_KEY_UISupportedInterfaceOrientations_iPhone = "UIInterfaceOrientationPortrait UIInterfaceOrientationLandscapeLeft UIInterfaceOrientationLandscapeRight";
				LD_RUNPATH_SEARCH_PATHS = (
					"$(inherited)",
					"@executable_path/Frameworks",
				);
				MARKETING_VERSION = 1.0;
				PRODUCT_BUNDLE_IDENTIFIER = com.yf.MovieApp;
				PRODUCT_NAME = "$(TARGET_NAME)";
				SWIFT_EMIT_LOC_STRINGS = YES;
				SWIFT_VERSION = 5.0;
				TARGETED_DEVICE_FAMILY = "1,2";
			};
			name = Debug;
		};
		246EE02F2B0DBED400CA51CC /* Release */ = {
			isa = XCBuildConfiguration;
			buildSettings = {
				ASSETCATALOG_COMPILER_APPICON_NAME = AppIcon;
				ASSETCATALOG_COMPILER_GLOBAL_ACCENT_COLOR_NAME = AccentColor;
				CODE_SIGN_STYLE = Automatic;
				CURRENT_PROJECT_VERSION = 1;
				DEVELOPMENT_TEAM = 4BY63Y2JNP;
				GENERATE_INFOPLIST_FILE = YES;
				INFOPLIST_FILE = MovieApp/Info.plist;
				INFOPLIST_KEY_UIApplicationSupportsIndirectInputEvents = YES;
				INFOPLIST_KEY_UILaunchStoryboardName = LaunchScreen;
				INFOPLIST_KEY_UIMainStoryboardFile = Main;
				INFOPLIST_KEY_UISupportedInterfaceOrientations_iPad = "UIInterfaceOrientationPortrait UIInterfaceOrientationPortraitUpsideDown UIInterfaceOrientationLandscapeLeft UIInterfaceOrientationLandscapeRight";
				INFOPLIST_KEY_UISupportedInterfaceOrientations_iPhone = "UIInterfaceOrientationPortrait UIInterfaceOrientationLandscapeLeft UIInterfaceOrientationLandscapeRight";
				LD_RUNPATH_SEARCH_PATHS = (
					"$(inherited)",
					"@executable_path/Frameworks",
				);
				MARKETING_VERSION = 1.0;
				PRODUCT_BUNDLE_IDENTIFIER = com.yf.MovieApp;
				PRODUCT_NAME = "$(TARGET_NAME)";
				SWIFT_EMIT_LOC_STRINGS = YES;
				SWIFT_VERSION = 5.0;
				TARGETED_DEVICE_FAMILY = "1,2";
			};
			name = Release;
		};
		246EE0312B0DBED400CA51CC /* Debug */ = {
			isa = XCBuildConfiguration;
			buildSettings = {
				ALWAYS_EMBED_SWIFT_STANDARD_LIBRARIES = YES;
				BUNDLE_LOADER = "$(TEST_HOST)";
				CODE_SIGN_STYLE = Automatic;
				CURRENT_PROJECT_VERSION = 1;
				GENERATE_INFOPLIST_FILE = YES;
				IPHONEOS_DEPLOYMENT_TARGET = 17.0;
				MARKETING_VERSION = 1.0;
				PRODUCT_BUNDLE_IDENTIFIER = com.yf.MovieAppTests;
				PRODUCT_NAME = "$(TARGET_NAME)";
				SWIFT_EMIT_LOC_STRINGS = NO;
				SWIFT_VERSION = 5.0;
				TARGETED_DEVICE_FAMILY = "1,2";
				TEST_HOST = "$(BUILT_PRODUCTS_DIR)/MovieApp.app/$(BUNDLE_EXECUTABLE_FOLDER_PATH)/MovieApp";
			};
			name = Debug;
		};
		246EE0322B0DBED400CA51CC /* Release */ = {
			isa = XCBuildConfiguration;
			buildSettings = {
				ALWAYS_EMBED_SWIFT_STANDARD_LIBRARIES = YES;
				BUNDLE_LOADER = "$(TEST_HOST)";
				CODE_SIGN_STYLE = Automatic;
				CURRENT_PROJECT_VERSION = 1;
				GENERATE_INFOPLIST_FILE = YES;
				IPHONEOS_DEPLOYMENT_TARGET = 17.0;
				MARKETING_VERSION = 1.0;
				PRODUCT_BUNDLE_IDENTIFIER = com.yf.MovieAppTests;
				PRODUCT_NAME = "$(TARGET_NAME)";
				SWIFT_EMIT_LOC_STRINGS = NO;
				SWIFT_VERSION = 5.0;
				TARGETED_DEVICE_FAMILY = "1,2";
				TEST_HOST = "$(BUILT_PRODUCTS_DIR)/MovieApp.app/$(BUNDLE_EXECUTABLE_FOLDER_PATH)/MovieApp";
			};
			name = Release;
		};
		246EE0342B0DBED400CA51CC /* Debug */ = {
			isa = XCBuildConfiguration;
			buildSettings = {
				ALWAYS_EMBED_SWIFT_STANDARD_LIBRARIES = YES;
				CODE_SIGN_STYLE = Automatic;
				CURRENT_PROJECT_VERSION = 1;
				GENERATE_INFOPLIST_FILE = YES;
				MARKETING_VERSION = 1.0;
				PRODUCT_BUNDLE_IDENTIFIER = com.yf.MovieAppUITests;
				PRODUCT_NAME = "$(TARGET_NAME)";
				SWIFT_EMIT_LOC_STRINGS = NO;
				SWIFT_VERSION = 5.0;
				TARGETED_DEVICE_FAMILY = "1,2";
				TEST_TARGET_NAME = MovieApp;
			};
			name = Debug;
		};
		246EE0352B0DBED400CA51CC /* Release */ = {
			isa = XCBuildConfiguration;
			buildSettings = {
				ALWAYS_EMBED_SWIFT_STANDARD_LIBRARIES = YES;
				CODE_SIGN_STYLE = Automatic;
				CURRENT_PROJECT_VERSION = 1;
				GENERATE_INFOPLIST_FILE = YES;
				MARKETING_VERSION = 1.0;
				PRODUCT_BUNDLE_IDENTIFIER = com.yf.MovieAppUITests;
				PRODUCT_NAME = "$(TARGET_NAME)";
				SWIFT_EMIT_LOC_STRINGS = NO;
				SWIFT_VERSION = 5.0;
				TARGETED_DEVICE_FAMILY = "1,2";
				TEST_TARGET_NAME = MovieApp;
			};
			name = Release;
		};
/* End XCBuildConfiguration section */

/* Begin XCConfigurationList section */
		246EDFFE2B0DBED200CA51CC /* Build configuration list for PBXProject "MovieApp" */ = {
			isa = XCConfigurationList;
			buildConfigurations = (
				246EE02B2B0DBED400CA51CC /* Debug */,
				246EE02C2B0DBED400CA51CC /* Release */,
			);
			defaultConfigurationIsVisible = 0;
			defaultConfigurationName = Release;
		};
		246EE02D2B0DBED400CA51CC /* Build configuration list for PBXNativeTarget "MovieApp" */ = {
			isa = XCConfigurationList;
			buildConfigurations = (
				246EE02E2B0DBED400CA51CC /* Debug */,
				246EE02F2B0DBED400CA51CC /* Release */,
			);
			defaultConfigurationIsVisible = 0;
			defaultConfigurationName = Release;
		};
		246EE0302B0DBED400CA51CC /* Build configuration list for PBXNativeTarget "MovieAppTests" */ = {
			isa = XCConfigurationList;
			buildConfigurations = (
				246EE0312B0DBED400CA51CC /* Debug */,
				246EE0322B0DBED400CA51CC /* Release */,
			);
			defaultConfigurationIsVisible = 0;
			defaultConfigurationName = Release;
		};
		246EE0332B0DBED400CA51CC /* Build configuration list for PBXNativeTarget "MovieAppUITests" */ = {
			isa = XCConfigurationList;
			buildConfigurations = (
				246EE0342B0DBED400CA51CC /* Debug */,
				246EE0352B0DBED400CA51CC /* Release */,
			);
			defaultConfigurationIsVisible = 0;
			defaultConfigurationName = Release;
		};
/* End XCConfigurationList section */
	};
	rootObject = 246EDFFB2B0DBED200CA51CC /* Project object */;
}
